
Microsoft Visual Studio Solution File, Format Version 12.00
# Visual Studio 15
VisualStudioVersion = 15.0.27703.2035
MinimumVisualStudioVersion = 10.0.40219.1
Project("{FAE04EC0-301F-11D3-BF4B-00C04F79EFBC}") = "AiPoweredTools", "AiPoweredTools\AiPoweredTools.csproj", "{BB13C69F-3BF5-4B1E-9523-EA2247DCB42B}"
EndProject
Project("{FAE04EC0-301F-11D3-BF4B-00C04F79EFBC}") = "AiToolsTesting", "AiToolsTesting\AiToolsTesting.csproj", "{8794A15C-ACC4-4F5F-A15D-B1BAAF5E38E3}"
EndProject
Global
	GlobalSection(SolutionConfigurationPlatforms) = preSolution
		Debug|Any CPU = Debug|Any CPU
		Debug|x64 = Debug|x64
		Release|Any CPU = Release|Any CPU
		Release|x64 = Release|x64
	EndGlobalSection
	GlobalSection(ProjectConfigurationPlatforms) = postSolution
		{BB13C69F-3BF5-4B1E-9523-EA2247DCB42B}.Debug|Any CPU.ActiveCfg = Debug|x64
		{BB13C69F-3BF5-4B1E-9523-EA2247DCB42B}.Debug|Any CPU.Build.0 = Debug|x64
		{BB13C69F-3BF5-4B1E-9523-EA2247DCB42B}.Debug|x64.ActiveCfg = Debug|x64
		{BB13C69F-3BF5-4B1E-9523-EA2247DCB42B}.Debug|x64.Build.0 = Debug|x64
		{BB13C69F-3BF5-4B1E-9523-EA2247DCB42B}.Release|Any CPU.ActiveCfg = Release|Any CPU
		{BB13C69F-3BF5-4B1E-9523-EA2247DCB42B}.Release|Any CPU.Build.0 = Release|Any CPU
		{BB13C69F-3BF5-4B1E-9523-EA2247DCB42B}.Release|x64.ActiveCfg = Release|x64
		{BB13C69F-3BF5-4B1E-9523-EA2247DCB42B}.Release|x64.Build.0 = Release|x64
		{8794A15C-ACC4-4F5F-A15D-B1BAAF5E38E3}.Debug|Any CPU.ActiveCfg = Debug|x64
		{8794A15C-ACC4-4F5F-A15D-B1BAAF5E38E3}.Debug|Any CPU.Build.0 = Debug|x64
		{8794A15C-ACC4-4F5F-A15D-B1BAAF5E38E3}.Debug|x64.ActiveCfg = Debug|x64
		{8794A15C-ACC4-4F5F-A15D-B1BAAF5E38E3}.Debug|x64.Build.0 = Debug|x64
		{8794A15C-ACC4-4F5F-A15D-B1BAAF5E38E3}.Release|Any CPU.ActiveCfg = Release|Any CPU
		{8794A15C-ACC4-4F5F-A15D-B1BAAF5E38E3}.Release|Any CPU.Build.0 = Release|Any CPU
		{8794A15C-ACC4-4F5F-A15D-B1BAAF5E38E3}.Release|x64.ActiveCfg = Release|x64
		{8794A15C-ACC4-4F5F-A15D-B1BAAF5E38E3}.Release|x64.Build.0 = Release|x64
	EndGlobalSection
	GlobalSection(SolutionProperties) = preSolution
		HideSolutionNode = FALSE
	EndGlobalSection
	GlobalSection(ExtensibilityGlobals) = postSolution
		SolutionGuid = {647DE71F-E7D7-4285-838C-2406B42B587D}
	EndGlobalSection
EndGlobal
